
Microsoft Visual Studio Solution File, Format Version 12.00
# Visual Studio Version 17
VisualStudioVersion = 17.8.34322.80
MinimumVisualStudioVersion = 10.0.40219.1
Project("{2150E333-8FDC-42A3-9474-1A3956D46DE8}") = "src", "src", "{AAAA0000-0000-4000-8000-000000000001}"
EndProject
Project("{2150E333-8FDC-42A3-9474-1A3956D46DE8}") = "tests", "tests", "{AAAA0000-0000-4000-8000-000000000002}"
EndProject
Project("{9A19103F-16F7-4668-BE54-9A1E7A4F7556}") = "Chh.Api", "src\Chh.Api\Chh.Api.csproj", "{1A1E7C1F-0001-4A00-9C00-000000000001}"
EndProject
Project("{9A19103F-16F7-4668-BE54-9A1E7A4F7556}") = "Chh.Application", "src\Chh.Application\Chh.Application.csproj", "{1A1E7C1F-0002-4A00-9C00-000000000002}"
EndProject
Project("{9A19103F-16F7-4668-BE54-9A1E7A4F7556}") = "Chh.Domain", "src\Chh.Domain\Chh.Domain.csproj", "{1A1E7C1F-0003-4A00-9C00-000000000003}"
EndProject
Project("{9A19103F-16F7-4668-BE54-9A1E7A4F7556}") = "Chh.Infrastructure", "src\Chh.Infrastructure\Chh.Infrastructure.csproj", "{1A1E7C1F-0004-4A00-9C00-000000000004}"
EndProject
Project("{9A19103F-16F7-4668-BE54-9A1E7A4F7556}") = "Chh.Api.Tests", "tests\Chh.Api.Tests\Chh.Api.Tests.csproj", "{1A1E7C1F-0005-4A00-9C00-000000000005}"
EndProject
Project("{9A19103F-16F7-4668-BE54-9A1E7A4F7556}") = "Chh.Application.Tests", "tests\Chh.Application.Tests\Chh.Application.Tests.csproj", "{1A1E7C1F-0006-4A00-9C00-000000000006}"
EndProject
Global
	GlobalSection(SolutionConfigurationPlatforms) = preSolution
		Debug|Any CPU = Debug|Any CPU
		Release|Any CPU = Release|Any CPU
	EndGlobalSection
	GlobalSection(ProjectConfigurationPlatforms) = postSolution
		{1A1E7C1F-0001-4A00-9C00-000000000001}.Debug|Any CPU.ActiveCfg = Debug|Any CPU
		{1A1E7C1F-0001-4A00-9C00-000000000001}.Debug|Any CPU.Build.0 = Debug|Any CPU
		{1A1E7C1F-0001-4A00-9C00-000000000001}.Release|Any CPU.ActiveCfg = Release|Any CPU
		{1A1E7C1F-0001-4A00-9C00-000000000001}.Release|Any CPU.Build.0 = Release|Any CPU
		{1A1E7C1F-0002-4A00-9C00-000000000002}.Debug|Any CPU.ActiveCfg = Debug|Any CPU
		{1A1E7C1F-0002-4A00-9C00-000000000002}.Debug|Any CPU.Build.0 = Debug|Any CPU
		{1A1E7C1F-0002-4A00-9C00-000000000002}.Release|Any CPU.ActiveCfg = Release|Any CPU
		{1A1E7C1F-0002-4A00-9C00-000000000002}.Release|Any CPU.Build.0 = Release|Any CPU
		{1A1E7C1F-0003-4A00-9C00-000000000003}.Debug|Any CPU.ActiveCfg = Debug|Any CPU
		{1A1E7C1F-0003-4A00-9C00-000000000003}.Debug|Any CPU.Build.0 = Debug|Any CPU
		{1A1E7C1F-0003-4A00-9C00-000000000003}.Release|Any CPU.ActiveCfg = Release|Any CPU
		{1A1E7C1F-0003-4A00-9C00-000000000003}.Release|Any CPU.Build.0 = Release|Any CPU
		{1A1E7C1F-0004-4A00-9C00-000000000004}.Debug|Any CPU.ActiveCfg = Debug|Any CPU
		{1A1E7C1F-0004-4A00-9C00-000000000004}.Debug|Any CPU.Build.0 = Debug|Any CPU
		{1A1E7C1F-0004-4A00-9C00-000000000004}.Release|Any CPU.ActiveCfg = Release|Any CPU
		{1A1E7C1F-0004-4A00-9C00-000000000004}.Release|Any CPU.Build.0 = Release|Any CPU
		{1A1E7C1F-0005-4A00-9C00-000000000005}.Debug|Any CPU.ActiveCfg = Debug|Any CPU
		{1A1E7C1F-0005-4A00-9C00-000000000005}.Debug|Any CPU.Build.0 = Debug|Any CPU
		{1A1E7C1F-0005-4A00-9C00-000000000005}.Release|Any CPU.ActiveCfg = Release|Any CPU
		{1A1E7C1F-0005-4A00-9C00-000000000005}.Release|Any CPU.Build.0 = Release|Any CPU
		{1A1E7C1F-0006-4A00-9C00-000000000006}.Debug|Any CPU.ActiveCfg = Debug|Any CPU
		{1A1E7C1F-0006-4A00-9C00-000000000006}.Debug|Any CPU.Build.0 = Debug|Any CPU
		{1A1E7C1F-0006-4A00-9C00-000000000006}.Release|Any CPU.ActiveCfg = Release|Any CPU
		{1A1E7C1F-0006-4A00-9C00-000000000006}.Release|Any CPU.Build.0 = Release|Any CPU
	EndGlobalSection
	GlobalSection(SolutionProperties) = preSolution
		HideSolutionNode = FALSE
	EndGlobalSection
	GlobalSection(NestedProjects) = preSolution
		{1A1E7C1F-0001-4A00-9C00-000000000001} = {AAAA0000-0000-4000-8000-000000000001}
		{1A1E7C1F-0002-4A00-9C00-000000000002} = {AAAA0000-0000-4000-8000-000000000001}
		{1A1E7C1F-0003-4A00-9C00-000000000003} = {AAAA0000-0000-4000-8000-000000000001}
		{1A1E7C1F-0004-4A00-9C00-000000000004} = {AAAA0000-0000-4000-8000-000000000001}
		{1A1E7C1F-0005-4A00-9C00-000000000005} = {AAAA0000-0000-4000-8000-000000000002}
		{1A1E7C1F-0006-4A00-9C00-000000000006} = {AAAA0000-0000-4000-8000-000000000002}
	EndGlobalSection
	GlobalSection(ExtensibilityGlobals) = postSolution
		SolutionGuid = {BBBB0000-0000-4000-8000-0000000000FF}
	EndGlobalSection
EndGlobal
